// !$*UTF8*$!
{
	archiveVersion = 1;
	classes = {
	};
	objectVersion = 52;
	objects = {

/* Begin PBXBuildFile section */
		9311AC9225129C2200725CB9 /* SettingsView.swift in Sources */ = {isa = PBXBuildFile; fileRef = 9311AC9125129C2200725CB9 /* SettingsView.swift */; };
		931AF6372509B96F00EE6300 /* INDIGO_to_GOApp.swift in Sources */ = {isa = PBXBuildFile; fileRef = 931AF6362509B96F00EE6300 /* INDIGO_to_GOApp.swift */; };
		931AF6392509B96F00EE6300 /* ContentView.swift in Sources */ = {isa = PBXBuildFile; fileRef = 931AF6382509B96F00EE6300 /* ContentView.swift */; };
		931AF63E2509B97000EE6300 /* Preview Assets.xcassets in Resources */ = {isa = PBXBuildFile; fileRef = 931AF63D2509B97000EE6300 /* Preview Assets.xcassets */; };
		931AF664250A564900EE6300 /* BonjourBrowser.swift in Sources */ = {isa = PBXBuildFile; fileRef = 931AF663250A564900EE6300 /* BonjourBrowser.swift */; };
		931D1E0D250C01AF00BFFA6B /* SwiftyJSON in Frameworks */ = {isa = PBXBuildFile; productRef = 931D1E0C250C01AF00BFFA6B /* SwiftyJSON */; };
		9323432B25213A4E000CF465 /* Assets.xcassets in Resources */ = {isa = PBXBuildFile; fileRef = 9323432A25213A4E000CF465 /* Assets.xcassets */; };
		937F8347251A5FF200AAA0A5 /* IndigoSequence.swift in Sources */ = {isa = PBXBuildFile; fileRef = 937F8346251A5FF200AAA0A5 /* IndigoSequence.swift */; };
		938917C4251E4B4700D9B3F3 /* WebView.swift in Sources */ = {isa = PBXBuildFile; fileRef = 938917C3251E4B4700D9B3F3 /* WebView.swift */; };
		938D6B6F25204C2100F65BDC /* Launch Screen.storyboard in Resources */ = {isa = PBXBuildFile; fileRef = 938D6B6E25204C2100F65BDC /* Launch Screen.storyboard */; };
		938F010725114B2D00599096 /* IndigoItem.swift in Sources */ = {isa = PBXBuildFile; fileRef = 938F010625114B2D00599096 /* IndigoItem.swift */; };
		939F157E250AAB63004A09D7 /* IndigoClient.swift in Sources */ = {isa = PBXBuildFile; fileRef = 939F157D250AAB63004A09D7 /* IndigoClient.swift */; };
		93A6047B250D361600E93EA4 /* indigo-response.json in Resources */ = {isa = PBXBuildFile; fileRef = 93A6047A250D361600E93EA4 /* indigo-response.json */; };
		93BF08052513E9E90018DEC0 /* IndigoProperties.swift in Sources */ = {isa = PBXBuildFile; fileRef = 93BF08042513E9E90018DEC0 /* IndigoProperties.swift */; };
		93E4107E2514E5050027A62D /* IndigoConnection.swift in Sources */ = {isa = PBXBuildFile; fileRef = 93E4107D2514E5050027A62D /* IndigoConnection.swift */; };
/* End PBXBuildFile section */

/* Begin PBXFileReference section */
		9311AC9125129C2200725CB9 /* SettingsView.swift */ = {isa = PBXFileReference; lastKnownFileType = sourcecode.swift; path = SettingsView.swift; sourceTree = "<group>"; };
		931AF6332509B96F00EE6300 /* INDIGO to GO.app */ = {isa = PBXFileReference; explicitFileType = wrapper.application; includeInIndex = 0; path = "INDIGO to GO.app"; sourceTree = BUILT_PRODUCTS_DIR; };
		931AF6362509B96F00EE6300 /* INDIGO_to_GOApp.swift */ = {isa = PBXFileReference; lastKnownFileType = sourcecode.swift; path = INDIGO_to_GOApp.swift; sourceTree = "<group>"; };
		931AF6382509B96F00EE6300 /* ContentView.swift */ = {isa = PBXFileReference; lastKnownFileType = sourcecode.swift; path = ContentView.swift; sourceTree = "<group>"; };
		931AF63D2509B97000EE6300 /* Preview Assets.xcassets */ = {isa = PBXFileReference; lastKnownFileType = folder.assetcatalog; path = "Preview Assets.xcassets"; sourceTree = "<group>"; };
		931AF63F2509B97000EE6300 /* Info.plist */ = {isa = PBXFileReference; lastKnownFileType = text.plist.xml; path = Info.plist; sourceTree = "<group>"; };
		931AF663250A564900EE6300 /* BonjourBrowser.swift */ = {isa = PBXFileReference; fileEncoding = 4; lastKnownFileType = sourcecode.swift; path = BonjourBrowser.swift; sourceTree = "<group>"; };
		9323432A25213A4E000CF465 /* Assets.xcassets */ = {isa = PBXFileReference; lastKnownFileType = folder.assetcatalog; name = Assets.xcassets; path = "../../Indigo Status App/AppIcons-2/Assets.xcassets"; sourceTree = "<group>"; };
		937F8346251A5FF200AAA0A5 /* IndigoSequence.swift */ = {isa = PBXFileReference; lastKnownFileType = sourcecode.swift; path = IndigoSequence.swift; sourceTree = "<group>"; };
		938917C3251E4B4700D9B3F3 /* WebView.swift */ = {isa = PBXFileReference; lastKnownFileType = sourcecode.swift; path = WebView.swift; sourceTree = "<group>"; };
		938D6B6E25204C2100F65BDC /* Launch Screen.storyboard */ = {isa = PBXFileReference; lastKnownFileType = file.storyboard; path = "Launch Screen.storyboard"; sourceTree = "<group>"; };
		938F010625114B2D00599096 /* IndigoItem.swift */ = {isa = PBXFileReference; lastKnownFileType = sourcecode.swift; path = IndigoItem.swift; sourceTree = "<group>"; };
		939F157D250AAB63004A09D7 /* IndigoClient.swift */ = {isa = PBXFileReference; lastKnownFileType = sourcecode.swift; path = IndigoClient.swift; sourceTree = "<group>"; };
		93A6047A250D361600E93EA4 /* indigo-response.json */ = {isa = PBXFileReference; fileEncoding = 4; lastKnownFileType = text.json; path = "indigo-response.json"; sourceTree = "<group>"; };
		93BF08042513E9E90018DEC0 /* IndigoProperties.swift */ = {isa = PBXFileReference; lastKnownFileType = sourcecode.swift; path = IndigoProperties.swift; sourceTree = "<group>"; };
		93D4E14425122A160085E1D9 /* INDIGO to GO.entitlements */ = {isa = PBXFileReference; lastKnownFileType = text.plist.entitlements; path = "INDIGO to GO.entitlements"; sourceTree = "<group>"; };
		93E4107D2514E5050027A62D /* IndigoConnection.swift */ = {isa = PBXFileReference; lastKnownFileType = sourcecode.swift; path = IndigoConnection.swift; sourceTree = "<group>"; };
/* End PBXFileReference section */

/* Begin PBXFrameworksBuildPhase section */
		931AF6302509B96F00EE6300 /* Frameworks */ = {
			isa = PBXFrameworksBuildPhase;
			buildActionMask = 2147483647;
			files = (
				931D1E0D250C01AF00BFFA6B /* SwiftyJSON in Frameworks */,
			);
			runOnlyForDeploymentPostprocessing = 0;
		};
/* End PBXFrameworksBuildPhase section */

/* Begin PBXGroup section */
		931AF62A2509B96F00EE6300 = {
			isa = PBXGroup;
			children = (
				938D6B6E25204C2100F65BDC /* Launch Screen.storyboard */,
				931AF6352509B96F00EE6300 /* INDIGO to GO */,
				931AF6342509B96F00EE6300 /* Products */,
			);
			sourceTree = "<group>";
		};
		931AF6342509B96F00EE6300 /* Products */ = {
			isa = PBXGroup;
			children = (
				931AF6332509B96F00EE6300 /* INDIGO to GO.app */,
			);
			name = Products;
			sourceTree = "<group>";
		};
		931AF6352509B96F00EE6300 /* INDIGO to GO */ = {
			isa = PBXGroup;
			children = (
				93D4E14425122A160085E1D9 /* INDIGO to GO.entitlements */,
				93BF080F2513EA320018DEC0 /* Classes */,
				931AF6362509B96F00EE6300 /* INDIGO_to_GOApp.swift */,
				93BF080B2513EA160018DEC0 /* Views */,
				9323432A25213A4E000CF465 /* Assets.xcassets */,
				931AF63F2509B97000EE6300 /* Info.plist */,
				93A6047A250D361600E93EA4 /* indigo-response.json */,
				931AF63C2509B97000EE6300 /* Preview Content */,
			);
			path = "INDIGO to GO";
			sourceTree = "<group>";
		};
		931AF63C2509B97000EE6300 /* Preview Content */ = {
			isa = PBXGroup;
			children = (
				931AF63D2509B97000EE6300 /* Preview Assets.xcassets */,
			);
			path = "Preview Content";
			sourceTree = "<group>";
		};
		93BF080B2513EA160018DEC0 /* Views */ = {
			isa = PBXGroup;
			children = (
				931AF6382509B96F00EE6300 /* ContentView.swift */,
				9311AC9125129C2200725CB9 /* SettingsView.swift */,
				938917C3251E4B4700D9B3F3 /* WebView.swift */,
			);
			path = Views;
			sourceTree = "<group>";
		};
		93BF080F2513EA320018DEC0 /* Classes */ = {
			isa = PBXGroup;
			children = (
				939F157D250AAB63004A09D7 /* IndigoClient.swift */,
				93BF08042513E9E90018DEC0 /* IndigoProperties.swift */,
				938F010625114B2D00599096 /* IndigoItem.swift */,
				931AF663250A564900EE6300 /* BonjourBrowser.swift */,
				93E4107D2514E5050027A62D /* IndigoConnection.swift */,
				937F8346251A5FF200AAA0A5 /* IndigoSequence.swift */,
			);
			path = Classes;
			sourceTree = "<group>";
		};
/* End PBXGroup section */

/* Begin PBXNativeTarget section */
		931AF6322509B96F00EE6300 /* INDIGO to GO */ = {
			isa = PBXNativeTarget;
			buildConfigurationList = 931AF6582509B97000EE6300 /* Build configuration list for PBXNativeTarget "INDIGO to GO" */;
			buildPhases = (
				931AF62F2509B96F00EE6300 /* Sources */,
				931AF6302509B96F00EE6300 /* Frameworks */,
				931AF6312509B96F00EE6300 /* Resources */,
			);
			buildRules = (
			);
			dependencies = (
			);
			name = "INDIGO to GO";
			packageProductDependencies = (
				931D1E0C250C01AF00BFFA6B /* SwiftyJSON */,
			);
			productName = "INDIGO Status";
			productReference = 931AF6332509B96F00EE6300 /* INDIGO to GO.app */;
			productType = "com.apple.product-type.application";
		};
/* End PBXNativeTarget section */

/* Begin PBXProject section */
		931AF62B2509B96F00EE6300 /* Project object */ = {
			isa = PBXProject;
			attributes = {
				LastSwiftUpdateCheck = 1200;
				LastUpgradeCheck = 1200;
				TargetAttributes = {
					931AF6322509B96F00EE6300 = {
						CreatedOnToolsVersion = 12.0;
					};
				};
			};
			buildConfigurationList = 931AF62E2509B96F00EE6300 /* Build configuration list for PBXProject "INDIGO to GO" */;
			compatibilityVersion = "Xcode 9.3";
			developmentRegion = en;
			hasScannedForEncodings = 0;
			knownRegions = (
				en,
				Base,
			);
			mainGroup = 931AF62A2509B96F00EE6300;
			packageReferences = (
				931D1E0B250C01AF00BFFA6B /* XCRemoteSwiftPackageReference "SwiftyJSON" */,
			);
			productRefGroup = 931AF6342509B96F00EE6300 /* Products */;
			projectDirPath = "";
			projectRoot = "";
			targets = (
				931AF6322509B96F00EE6300 /* INDIGO to GO */,
			);
		};
/* End PBXProject section */

/* Begin PBXResourcesBuildPhase section */
		931AF6312509B96F00EE6300 /* Resources */ = {
			isa = PBXResourcesBuildPhase;
			buildActionMask = 2147483647;
			files = (
				931AF63E2509B97000EE6300 /* Preview Assets.xcassets in Resources */,
				938D6B6F25204C2100F65BDC /* Launch Screen.storyboard in Resources */,
				93A6047B250D361600E93EA4 /* indigo-response.json in Resources */,
				9323432B25213A4E000CF465 /* Assets.xcassets in Resources */,
			);
			runOnlyForDeploymentPostprocessing = 0;
		};
/* End PBXResourcesBuildPhase section */

/* Begin PBXSourcesBuildPhase section */
		931AF62F2509B96F00EE6300 /* Sources */ = {
			isa = PBXSourcesBuildPhase;
			buildActionMask = 2147483647;
			files = (
				937F8347251A5FF200AAA0A5 /* IndigoSequence.swift in Sources */,
				938917C4251E4B4700D9B3F3 /* WebView.swift in Sources */,
				93BF08052513E9E90018DEC0 /* IndigoProperties.swift in Sources */,
				9311AC9225129C2200725CB9 /* SettingsView.swift in Sources */,
				939F157E250AAB63004A09D7 /* IndigoClient.swift in Sources */,
				93E4107E2514E5050027A62D /* IndigoConnection.swift in Sources */,
				931AF664250A564900EE6300 /* BonjourBrowser.swift in Sources */,
				931AF6392509B96F00EE6300 /* ContentView.swift in Sources */,
				938F010725114B2D00599096 /* IndigoItem.swift in Sources */,
				931AF6372509B96F00EE6300 /* INDIGO_to_GOApp.swift in Sources */,
			);
			runOnlyForDeploymentPostprocessing = 0;
		};
/* End PBXSourcesBuildPhase section */

/* Begin XCBuildConfiguration section */
		931AF6562509B97000EE6300 /* Debug */ = {
			isa = XCBuildConfiguration;
			buildSettings = {
				ALWAYS_SEARCH_USER_PATHS = NO;
				CLANG_ANALYZER_NONNULL = YES;
				CLANG_ANALYZER_NUMBER_OBJECT_CONVERSION = YES_AGGRESSIVE;
				CLANG_CXX_LANGUAGE_STANDARD = "gnu++14";
				CLANG_CXX_LIBRARY = "libc++";
				CLANG_ENABLE_MODULES = YES;
				CLANG_ENABLE_OBJC_ARC = YES;
				CLANG_ENABLE_OBJC_WEAK = YES;
				CLANG_WARN_BLOCK_CAPTURE_AUTORELEASING = YES;
				CLANG_WARN_BOOL_CONVERSION = YES;
				CLANG_WARN_COMMA = YES;
				CLANG_WARN_CONSTANT_CONVERSION = YES;
				CLANG_WARN_DEPRECATED_OBJC_IMPLEMENTATIONS = YES;
				CLANG_WARN_DIRECT_OBJC_ISA_USAGE = YES_ERROR;
				CLANG_WARN_DOCUMENTATION_COMMENTS = YES;
				CLANG_WARN_EMPTY_BODY = YES;
				CLANG_WARN_ENUM_CONVERSION = YES;
				CLANG_WARN_INFINITE_RECURSION = YES;
				CLANG_WARN_INT_CONVERSION = YES;
				CLANG_WARN_NON_LITERAL_NULL_CONVERSION = YES;
				CLANG_WARN_OBJC_IMPLICIT_RETAIN_SELF = YES;
				CLANG_WARN_OBJC_LITERAL_CONVERSION = YES;
				CLANG_WARN_OBJC_ROOT_CLASS = YES_ERROR;
				CLANG_WARN_QUOTED_INCLUDE_IN_FRAMEWORK_HEADER = YES;
				CLANG_WARN_RANGE_LOOP_ANALYSIS = YES;
				CLANG_WARN_STRICT_PROTOTYPES = YES;
				CLANG_WARN_SUSPICIOUS_MOVE = YES;
				CLANG_WARN_UNGUARDED_AVAILABILITY = YES_AGGRESSIVE;
				CLANG_WARN_UNREACHABLE_CODE = YES;
				CLANG_WARN__DUPLICATE_METHOD_MATCH = YES;
				COPY_PHASE_STRIP = NO;
				DEBUG_INFORMATION_FORMAT = dwarf;
				ENABLE_STRICT_OBJC_MSGSEND = YES;
				ENABLE_TESTABILITY = YES;
				GCC_C_LANGUAGE_STANDARD = gnu11;
				GCC_DYNAMIC_NO_PIC = NO;
				GCC_NO_COMMON_BLOCKS = YES;
				GCC_OPTIMIZATION_LEVEL = 0;
				GCC_PREPROCESSOR_DEFINITIONS = (
					"DEBUG=1",
					"$(inherited)",
				);
				GCC_WARN_64_TO_32_BIT_CONVERSION = YES;
				GCC_WARN_ABOUT_RETURN_TYPE = YES_ERROR;
				GCC_WARN_UNDECLARED_SELECTOR = YES;
				GCC_WARN_UNINITIALIZED_AUTOS = YES_AGGRESSIVE;
				GCC_WARN_UNUSED_FUNCTION = YES;
				GCC_WARN_UNUSED_VARIABLE = YES;
				IPHONEOS_DEPLOYMENT_TARGET = 14.0;
				MTL_ENABLE_DEBUG_INFO = INCLUDE_SOURCE;
				MTL_FAST_MATH = YES;
				ONLY_ACTIVE_ARCH = YES;
				SDKROOT = iphoneos;
				SWIFT_ACTIVE_COMPILATION_CONDITIONS = DEBUG;
				SWIFT_OPTIMIZATION_LEVEL = "-Onone";
			};
			name = Debug;
		};
		931AF6572509B97000EE6300 /* Release */ = {
			isa = XCBuildConfiguration;
			buildSettings = {
				ALWAYS_SEARCH_USER_PATHS = NO;
				CLANG_ANALYZER_NONNULL = YES;
				CLANG_ANALYZER_NUMBER_OBJECT_CONVERSION = YES_AGGRESSIVE;
				CLANG_CXX_LANGUAGE_STANDARD = "gnu++14";
				CLANG_CXX_LIBRARY = "libc++";
				CLANG_ENABLE_MODULES = YES;
				CLANG_ENABLE_OBJC_ARC = YES;
				CLANG_ENABLE_OBJC_WEAK = YES;
				CLANG_WARN_BLOCK_CAPTURE_AUTORELEASING = YES;
				CLANG_WARN_BOOL_CONVERSION = YES;
				CLANG_WARN_COMMA = YES;
				CLANG_WARN_CONSTANT_CONVERSION = YES;
				CLANG_WARN_DEPRECATED_OBJC_IMPLEMENTATIONS = YES;
				CLANG_WARN_DIRECT_OBJC_ISA_USAGE = YES_ERROR;
				CLANG_WARN_DOCUMENTATION_COMMENTS = YES;
				CLANG_WARN_EMPTY_BODY = YES;
				CLANG_WARN_ENUM_CONVERSION = YES;
				CLANG_WARN_INFINITE_RECURSION = YES;
				CLANG_WARN_INT_CONVERSION = YES;
				CLANG_WARN_NON_LITERAL_NULL_CONVERSION = YES;
				CLANG_WARN_OBJC_IMPLICIT_RETAIN_SELF = YES;
				CLANG_WARN_OBJC_LITERAL_CONVERSION = YES;
				CLANG_WARN_OBJC_ROOT_CLASS = YES_ERROR;
				CLANG_WARN_QUOTED_INCLUDE_IN_FRAMEWORK_HEADER = YES;
				CLANG_WARN_RANGE_LOOP_ANALYSIS = YES;
				CLANG_WARN_STRICT_PROTOTYPES = YES;
				CLANG_WARN_SUSPICIOUS_MOVE = YES;
				CLANG_WARN_UNGUARDED_AVAILABILITY = YES_AGGRESSIVE;
				CLANG_WARN_UNREACHABLE_CODE = YES;
				CLANG_WARN__DUPLICATE_METHOD_MATCH = YES;
				COPY_PHASE_STRIP = NO;
				DEBUG_INFORMATION_FORMAT = "dwarf-with-dsym";
				ENABLE_NS_ASSERTIONS = NO;
				ENABLE_STRICT_OBJC_MSGSEND = YES;
				GCC_C_LANGUAGE_STANDARD = gnu11;
				GCC_NO_COMMON_BLOCKS = YES;
				GCC_WARN_64_TO_32_BIT_CONVERSION = YES;
				GCC_WARN_ABOUT_RETURN_TYPE = YES_ERROR;
				GCC_WARN_UNDECLARED_SELECTOR = YES;
				GCC_WARN_UNINITIALIZED_AUTOS = YES_AGGRESSIVE;
				GCC_WARN_UNUSED_FUNCTION = YES;
				GCC_WARN_UNUSED_VARIABLE = YES;
				IPHONEOS_DEPLOYMENT_TARGET = 14.0;
				MTL_ENABLE_DEBUG_INFO = NO;
				MTL_FAST_MATH = YES;
				SDKROOT = iphoneos;
				SWIFT_COMPILATION_MODE = wholemodule;
				SWIFT_OPTIMIZATION_LEVEL = "-O";
				VALIDATE_PRODUCT = YES;
			};
			name = Release;
		};
		931AF6592509B97000EE6300 /* Debug */ = {
			isa = XCBuildConfiguration;
			buildSettings = {
				ASSETCATALOG_COMPILER_APPICON_NAME = AppIcon;
				ASSETCATALOG_COMPILER_GLOBAL_ACCENT_COLOR_NAME = AccentColor;
				CODE_SIGN_ENTITLEMENTS = "INDIGO To Go/INDIGO To Go.entitlements";
				CODE_SIGN_STYLE = Automatic;
				CURRENT_PROJECT_VERSION = 3;
				DEVELOPMENT_ASSET_PATHS = "\"INDIGO To Go/Preview Content\"";
				DEVELOPMENT_TEAM = QLSSS38HN8;
				ENABLE_PREVIEWS = YES;
				INFOPLIST_FILE = "INDIGO To Go/Info.plist";
				IPHONEOS_DEPLOYMENT_TARGET = 14.0;
				LD_RUNPATH_SEARCH_PATHS = (
					"$(inherited)",
					"@executable_path/Frameworks",
				);
				MARKETING_VERSION = 0.2;
				PRODUCT_BUNDLE_IDENTIFIER = com.iosian.indigotogo;
				PRODUCT_NAME = "$(TARGET_NAME)";
				SUPPORTS_MACCATALYST = YES;
				SUPPORTS_MAC_DESIGNED_FOR_IPHONE_IPAD = NO;
				SWIFT_VERSION = 5.0;
				TARGETED_DEVICE_FAMILY = "1,2";
			};
			name = Debug;
		};
		931AF65A2509B97000EE6300 /* Release */ = {
			isa = XCBuildConfiguration;
			buildSettings = {
				ASSETCATALOG_COMPILER_APPICON_NAME = AppIcon;
				ASSETCATALOG_COMPILER_GLOBAL_ACCENT_COLOR_NAME = AccentColor;
				CODE_SIGN_ENTITLEMENTS = "INDIGO To Go/INDIGO To Go.entitlements";
				CODE_SIGN_STYLE = Automatic;
				CURRENT_PROJECT_VERSION = 3;
				DEVELOPMENT_ASSET_PATHS = "\"INDIGO To Go/Preview Content\"";
				DEVELOPMENT_TEAM = QLSSS38HN8;
				ENABLE_PREVIEWS = YES;
				INFOPLIST_FILE = "INDIGO To Go/Info.plist";
				IPHONEOS_DEPLOYMENT_TARGET = 14.0;
				LD_RUNPATH_SEARCH_PATHS = (
					"$(inherited)",
					"@executable_path/Frameworks",
				);
				MARKETING_VERSION = 0.2;
				PRODUCT_BUNDLE_IDENTIFIER = com.iosian.indigotogo;
				PRODUCT_NAME = "$(TARGET_NAME)";
				SUPPORTS_MACCATALYST = YES;
				SUPPORTS_MAC_DESIGNED_FOR_IPHONE_IPAD = NO;
				SWIFT_VERSION = 5.0;
				TARGETED_DEVICE_FAMILY = "1,2";
			};
			name = Release;
		};
/* End XCBuildConfiguration section */

/* Begin XCConfigurationList section */
		931AF62E2509B96F00EE6300 /* Build configuration list for PBXProject "INDIGO to GO" */ = {
			isa = XCConfigurationList;
			buildConfigurations = (
				931AF6562509B97000EE6300 /* Debug */,
				931AF6572509B97000EE6300 /* Release */,
			);
			defaultConfigurationIsVisible = 0;
			defaultConfigurationName = Release;
		};
		931AF6582509B97000EE6300 /* Build configuration list for PBXNativeTarget "INDIGO to GO" */ = {
			isa = XCConfigurationList;
			buildConfigurations = (
				931AF6592509B97000EE6300 /* Debug */,
				931AF65A2509B97000EE6300 /* Release */,
			);
			defaultConfigurationIsVisible = 0;
			defaultConfigurationName = Release;
		};
/* End XCConfigurationList section */

/* Begin XCRemoteSwiftPackageReference section */
		931D1E0B250C01AF00BFFA6B /* XCRemoteSwiftPackageReference "SwiftyJSON" */ = {
			isa = XCRemoteSwiftPackageReference;
			repositoryURL = "https://github.com/SwiftyJSON/SwiftyJSON.git";
			requirement = {
				kind = upToNextMajorVersion;
				minimumVersion = 5.0.0;
			};
		};
/* End XCRemoteSwiftPackageReference section */

/* Begin XCSwiftPackageProductDependency section */
		931D1E0C250C01AF00BFFA6B /* SwiftyJSON */ = {
			isa = XCSwiftPackageProductDependency;
			package = 931D1E0B250C01AF00BFFA6B /* XCRemoteSwiftPackageReference "SwiftyJSON" */;
			productName = SwiftyJSON;
		};
/* End XCSwiftPackageProductDependency section */
	};
	rootObject = 931AF62B2509B96F00EE6300 /* Project object */;
}
