// !$*UTF8*$!
{
	archiveVersion = 1;
	classes = {
	};
	objectVersion = 52;
	objects = {

/* Begin PBXBuildFile section */
		9309A3C7254F735100B1562E /* GoogleService-Info.plist in Resources */ = {isa = PBXBuildFile; fileRef = 9309A3C6254F735100B1562E /* GoogleService-Info.plist */; };
		9309A3CB254F741D00B1562E /* FirebaseAuth in Frameworks */ = {isa = PBXBuildFile; productRef = 9309A3CA254F741D00B1562E /* FirebaseAuth */; };
		9309A3CD254F741D00B1562E /* FirebaseDatabase in Frameworks */ = {isa = PBXBuildFile; productRef = 9309A3CC254F741D00B1562E /* FirebaseDatabase */; };
		930C34A325339F320014A186 /* Andromeda-RGB.png in Resources */ = {isa = PBXBuildFile; fileRef = 930C349B25339ED70014A186 /* Andromeda-RGB.png */; };
		930C34A425339F320014A186 /* Andromeda-RGB@2x.png in Resources */ = {isa = PBXBuildFile; fileRef = 930C349C25339ED70014A186 /* Andromeda-RGB@2x.png */; };
		930C34A525339F320014A186 /* Andromeda-RGB@3x.png in Resources */ = {isa = PBXBuildFile; fileRef = 930C349D25339ED80014A186 /* Andromeda-RGB@3x.png */; };
		930C34AF2533AC160014A186 /* URLImage in Frameworks */ = {isa = PBXBuildFile; productRef = 930C34AE2533AC160014A186 /* URLImage */; };
		930C34B82533DBAE0014A186 /* ImagerProgressView.swift in Sources */ = {isa = PBXBuildFile; fileRef = 930C34B72533DBAE0014A186 /* ImagerProgressView.swift */; };
		930CA117254126AF00CFD5C7 /* MainTabView.swift in Sources */ = {isa = PBXBuildFile; fileRef = 930CA116254126AF00CFD5C7 /* MainTabView.swift */; };
		9311AC9225129C2200725CB9 /* SettingsView.swift in Sources */ = {isa = PBXBuildFile; fileRef = 9311AC9125129C2200725CB9 /* SettingsView.swift */; };
		9315A9DD253E7F4E003A4062 /* INDIGO_Property_Tests.json in Resources */ = {isa = PBXBuildFile; fileRef = 93793FFC253CC7F500149847 /* INDIGO_Property_Tests.json */; };
		9315A9DF253E7F6C003A4062 /* INDIGO_Property_Tests.json in Resources */ = {isa = PBXBuildFile; fileRef = 93793FFC253CC7F500149847 /* INDIGO_Property_Tests.json */; };
		931AF6372509B96F00EE6300 /* IndigoToGo.swift in Sources */ = {isa = PBXBuildFile; fileRef = 931AF6362509B96F00EE6300 /* IndigoToGo.swift */; };
		931AF6392509B96F00EE6300 /* MonitorView.swift in Sources */ = {isa = PBXBuildFile; fileRef = 931AF6382509B96F00EE6300 /* MonitorView.swift */; };
		931AF63E2509B97000EE6300 /* Preview Assets.xcassets in Resources */ = {isa = PBXBuildFile; fileRef = 931AF63D2509B97000EE6300 /* Preview Assets.xcassets */; };
		931AF664250A564900EE6300 /* BonjourBrowser.swift in Sources */ = {isa = PBXBuildFile; fileRef = 931AF663250A564900EE6300 /* BonjourBrowser.swift */; };
		931D1E0D250C01AF00BFFA6B /* SwiftyJSON in Frameworks */ = {isa = PBXBuildFile; productRef = 931D1E0C250C01AF00BFFA6B /* SwiftyJSON */; };
		931E89D6252472B800FCFAB7 /* Assets.xcassets in Resources */ = {isa = PBXBuildFile; fileRef = 931E89D5252472B800FCFAB7 /* Assets.xcassets */; };
		933ACBBC2544A22100FD0AC7 /* MockIndigoClientForPreview.swift in Sources */ = {isa = PBXBuildFile; fileRef = 933ACBBB2544A22100FD0AC7 /* MockIndigoClientForPreview.swift */; };
		933ACBC12544BD9E00FD0AC7 /* ClockView.swift in Sources */ = {isa = PBXBuildFile; fileRef = 933ACBC02544BD9E00FD0AC7 /* ClockView.swift */; };
		935431FD253C0D7D008D3F17 /* DaylightView.swift in Sources */ = {isa = PBXBuildFile; fileRef = 935431FC253C0D7D008D3F17 /* DaylightView.swift */; };
		93577356252A526E005670B3 /* BonjourEndpoint.swift in Sources */ = {isa = PBXBuildFile; fileRef = 93577355252A526E005670B3 /* BonjourEndpoint.swift */; };
		9364A3C6253546E200489AC0 /* Solar in Frameworks */ = {isa = PBXBuildFile; productRef = 9364A3C5253546E200489AC0 /* Solar */; };
		9364A3C7253546E200489AC0 /* Solar in Embed Frameworks */ = {isa = PBXBuildFile; productRef = 9364A3C5253546E200489AC0 /* Solar */; settings = {ATTRIBUTES = (CodeSignOnCopy, ); }; };
		93729243253723E5000DF0A6 /* StatusRowViewModel.swift in Sources */ = {isa = PBXBuildFile; fileRef = 93729242253723E5000DF0A6 /* StatusRowViewModel.swift */; };
		9372924725373D36000DF0A6 /* Extensions.swift in Sources */ = {isa = PBXBuildFile; fileRef = 9372924625373D36000DF0A6 /* Extensions.swift */; };
		937F8347251A5FF200AAA0A5 /* IndigoSequenceViewModel.swift in Sources */ = {isa = PBXBuildFile; fileRef = 937F8346251A5FF200AAA0A5 /* IndigoSequenceViewModel.swift */; };
		938F010725114B2D00599096 /* IndigoItem.swift in Sources */ = {isa = PBXBuildFile; fileRef = 938F010625114B2D00599096 /* IndigoItem.swift */; };
		938FF2C32549F2480057F9BB /* ServerHeaderView.swift in Sources */ = {isa = PBXBuildFile; fileRef = 938FF2C22549F2480057F9BB /* ServerHeaderView.swift */; };
		939BC329253B29800087F325 /* INDIGO_to_GOTests.swift in Sources */ = {isa = PBXBuildFile; fileRef = 939BC328253B29800087F325 /* INDIGO_to_GOTests.swift */; };
		939BC331253B29950087F325 /* LocationFeaturesTests.swift in Sources */ = {isa = PBXBuildFile; fileRef = 939BC320253B1F8A0087F325 /* LocationFeaturesTests.swift */; };
		939F157E250AAB63004A09D7 /* LocalClient.swift in Sources */ = {isa = PBXBuildFile; fileRef = 939F157D250AAB63004A09D7 /* LocalClient.swift */; };
		93A9CB2E253BCA34004FF29A /* Daylight.swift in Sources */ = {isa = PBXBuildFile; fileRef = 93A9CB2D253BCA34004FF29A /* Daylight.swift */; };
		93BFF7D82524F3C300B733CE /* StatusRowView.swift in Sources */ = {isa = PBXBuildFile; fileRef = 93BFF7D72524F3C300B733CE /* StatusRowView.swift */; };
		93E4107E2514E5050027A62D /* IndigoConnection.swift in Sources */ = {isa = PBXBuildFile; fileRef = 93E4107D2514E5050027A62D /* IndigoConnection.swift */; };
		93EC16F12534903A00392AC9 /* ImagerPreviewView.swift in Sources */ = {isa = PBXBuildFile; fileRef = 93EC16F02534903A00392AC9 /* ImagerPreviewView.swift */; };
		93EC16FA2534BCD200392AC9 /* Location.swift in Sources */ = {isa = PBXBuildFile; fileRef = 93EC16F92534BCD200392AC9 /* Location.swift */; };
		93EC16FF2534DCA500392AC9 /* README.md in Resources */ = {isa = PBXBuildFile; fileRef = 93EC16FE2534DCA500392AC9 /* README.md */; };
		93EC17042534E2F700392AC9 /* screen-main.png in Resources */ = {isa = PBXBuildFile; fileRef = 93EC17022534E2F700392AC9 /* screen-main.png */; };
		93EC17052534E2F700392AC9 /* screen-servers.png in Resources */ = {isa = PBXBuildFile; fileRef = 93EC17032534E2F700392AC9 /* screen-servers.png */; };
		93EE4CB92541EC3D0051DD51 /* IndigoProtocols.swift in Sources */ = {isa = PBXBuildFile; fileRef = 93EE4CB82541EC3D0051DD51 /* IndigoProtocols.swift */; };
		93EE4CC32541FC070051DD51 /* IndigoClientViewModel.swift in Sources */ = {isa = PBXBuildFile; fileRef = 93EE4CC22541FC070051DD51 /* IndigoClientViewModel.swift */; };
		93F7D26225503F8C00403D56 /* SignInWithAppleButtonView.swift in Sources */ = {isa = PBXBuildFile; fileRef = 93F7D26125503F8C00403D56 /* SignInWithAppleButtonView.swift */; };
		93F7D2682550B92C00403D56 /* AppDelegate.swift in Sources */ = {isa = PBXBuildFile; fileRef = 93F7D2672550B92C00403D56 /* AppDelegate.swift */; };
/* End PBXBuildFile section */

/* Begin PBXContainerItemProxy section */
		939BC32B253B29800087F325 /* PBXContainerItemProxy */ = {
			isa = PBXContainerItemProxy;
			containerPortal = 931AF62B2509B96F00EE6300 /* Project object */;
			proxyType = 1;
			remoteGlobalIDString = 931AF6322509B96F00EE6300;
			remoteInfo = "INDIGO to GO";
		};
/* End PBXContainerItemProxy section */

/* Begin PBXCopyFilesBuildPhase section */
		9364A3C8253546E200489AC0 /* Embed Frameworks */ = {
			isa = PBXCopyFilesBuildPhase;
			buildActionMask = 2147483647;
			dstPath = "";
			dstSubfolderSpec = 10;
			files = (
				9364A3C7253546E200489AC0 /* Solar in Embed Frameworks */,
			);
			name = "Embed Frameworks";
			runOnlyForDeploymentPostprocessing = 0;
		};
/* End PBXCopyFilesBuildPhase section */

/* Begin PBXFileReference section */
		9309A3C6254F735100B1562E /* GoogleService-Info.plist */ = {isa = PBXFileReference; fileEncoding = 4; lastKnownFileType = text.plist.xml; path = "GoogleService-Info.plist"; sourceTree = "<group>"; };
		930C349B25339ED70014A186 /* Andromeda-RGB.png */ = {isa = PBXFileReference; lastKnownFileType = image.png; path = "Andromeda-RGB.png"; sourceTree = "<group>"; };
		930C349C25339ED70014A186 /* Andromeda-RGB@2x.png */ = {isa = PBXFileReference; lastKnownFileType = image.png; path = "Andromeda-RGB@2x.png"; sourceTree = "<group>"; };
		930C349D25339ED80014A186 /* Andromeda-RGB@3x.png */ = {isa = PBXFileReference; lastKnownFileType = image.png; path = "Andromeda-RGB@3x.png"; sourceTree = "<group>"; };
		930C34B72533DBAE0014A186 /* ImagerProgressView.swift */ = {isa = PBXFileReference; lastKnownFileType = sourcecode.swift; path = ImagerProgressView.swift; sourceTree = "<group>"; };
		930CA116254126AF00CFD5C7 /* MainTabView.swift */ = {isa = PBXFileReference; lastKnownFileType = sourcecode.swift; path = MainTabView.swift; sourceTree = "<group>"; };
		9311AC9125129C2200725CB9 /* SettingsView.swift */ = {isa = PBXFileReference; lastKnownFileType = sourcecode.swift; path = SettingsView.swift; sourceTree = "<group>"; };
		931AF6332509B96F00EE6300 /* INDIGO to GO.app */ = {isa = PBXFileReference; explicitFileType = wrapper.application; includeInIndex = 0; path = "INDIGO to GO.app"; sourceTree = BUILT_PRODUCTS_DIR; };
		931AF6362509B96F00EE6300 /* IndigoToGo.swift */ = {isa = PBXFileReference; lastKnownFileType = sourcecode.swift; path = IndigoToGo.swift; sourceTree = "<group>"; };
		931AF6382509B96F00EE6300 /* MonitorView.swift */ = {isa = PBXFileReference; lastKnownFileType = sourcecode.swift; path = MonitorView.swift; sourceTree = "<group>"; };
		931AF63D2509B97000EE6300 /* Preview Assets.xcassets */ = {isa = PBXFileReference; lastKnownFileType = folder.assetcatalog; path = "Preview Assets.xcassets"; sourceTree = "<group>"; };
		931AF63F2509B97000EE6300 /* Info.plist */ = {isa = PBXFileReference; lastKnownFileType = text.plist.xml; path = Info.plist; sourceTree = "<group>"; };
		931AF663250A564900EE6300 /* BonjourBrowser.swift */ = {isa = PBXFileReference; fileEncoding = 4; lastKnownFileType = sourcecode.swift; path = BonjourBrowser.swift; sourceTree = "<group>"; };
		931E89D5252472B800FCFAB7 /* Assets.xcassets */ = {isa = PBXFileReference; lastKnownFileType = folder.assetcatalog; path = Assets.xcassets; sourceTree = "<group>"; };
		933ACBBB2544A22100FD0AC7 /* MockIndigoClientForPreview.swift */ = {isa = PBXFileReference; lastKnownFileType = sourcecode.swift; path = MockIndigoClientForPreview.swift; sourceTree = "<group>"; };
		933ACBC02544BD9E00FD0AC7 /* ClockView.swift */ = {isa = PBXFileReference; lastKnownFileType = sourcecode.swift; path = ClockView.swift; sourceTree = "<group>"; };
		935431FC253C0D7D008D3F17 /* DaylightView.swift */ = {isa = PBXFileReference; lastKnownFileType = sourcecode.swift; path = DaylightView.swift; sourceTree = "<group>"; };
		93577355252A526E005670B3 /* BonjourEndpoint.swift */ = {isa = PBXFileReference; lastKnownFileType = sourcecode.swift; path = BonjourEndpoint.swift; sourceTree = "<group>"; };
		93729242253723E5000DF0A6 /* StatusRowViewModel.swift */ = {isa = PBXFileReference; lastKnownFileType = sourcecode.swift; path = StatusRowViewModel.swift; sourceTree = "<group>"; };
		9372924625373D36000DF0A6 /* Extensions.swift */ = {isa = PBXFileReference; lastKnownFileType = sourcecode.swift; path = Extensions.swift; sourceTree = "<group>"; };
		93793FFC253CC7F500149847 /* INDIGO_Property_Tests.json */ = {isa = PBXFileReference; fileEncoding = 4; lastKnownFileType = text.json; path = INDIGO_Property_Tests.json; sourceTree = "<group>"; };
		937F8346251A5FF200AAA0A5 /* IndigoSequenceViewModel.swift */ = {isa = PBXFileReference; lastKnownFileType = sourcecode.swift; path = IndigoSequenceViewModel.swift; sourceTree = "<group>"; };
		938F010625114B2D00599096 /* IndigoItem.swift */ = {isa = PBXFileReference; lastKnownFileType = sourcecode.swift; path = IndigoItem.swift; sourceTree = "<group>"; };
		938FF2C22549F2480057F9BB /* ServerHeaderView.swift */ = {isa = PBXFileReference; lastKnownFileType = sourcecode.swift; path = ServerHeaderView.swift; sourceTree = "<group>"; };
		939BC320253B1F8A0087F325 /* LocationFeaturesTests.swift */ = {isa = PBXFileReference; lastKnownFileType = sourcecode.swift; path = LocationFeaturesTests.swift; sourceTree = "<group>"; };
		939BC326253B29800087F325 /* INDIGO to GOTests.xctest */ = {isa = PBXFileReference; explicitFileType = wrapper.cfbundle; includeInIndex = 0; path = "INDIGO to GOTests.xctest"; sourceTree = BUILT_PRODUCTS_DIR; };
		939BC328253B29800087F325 /* INDIGO_to_GOTests.swift */ = {isa = PBXFileReference; lastKnownFileType = sourcecode.swift; path = INDIGO_to_GOTests.swift; sourceTree = "<group>"; };
		939BC32A253B29800087F325 /* Info.plist */ = {isa = PBXFileReference; lastKnownFileType = text.plist.xml; path = Info.plist; sourceTree = "<group>"; };
		939F157D250AAB63004A09D7 /* LocalClient.swift */ = {isa = PBXFileReference; lastKnownFileType = sourcecode.swift; path = LocalClient.swift; sourceTree = "<group>"; };
		93A6047A250D361600E93EA4 /* indigo-response.json */ = {isa = PBXFileReference; fileEncoding = 4; lastKnownFileType = text.json; path = "indigo-response.json"; sourceTree = "<group>"; };
		93A9CB2D253BCA34004FF29A /* Daylight.swift */ = {isa = PBXFileReference; lastKnownFileType = sourcecode.swift; path = Daylight.swift; sourceTree = "<group>"; };
		93BFF7D72524F3C300B733CE /* StatusRowView.swift */ = {isa = PBXFileReference; lastKnownFileType = sourcecode.swift; path = StatusRowView.swift; sourceTree = "<group>"; };
		93D4E14425122A160085E1D9 /* INDIGO to GO.entitlements */ = {isa = PBXFileReference; lastKnownFileType = text.plist.entitlements; path = "INDIGO to GO.entitlements"; sourceTree = "<group>"; };
		93E4107D2514E5050027A62D /* IndigoConnection.swift */ = {isa = PBXFileReference; lastKnownFileType = sourcecode.swift; path = IndigoConnection.swift; sourceTree = "<group>"; };
		93EC16F02534903A00392AC9 /* ImagerPreviewView.swift */ = {isa = PBXFileReference; lastKnownFileType = sourcecode.swift; path = ImagerPreviewView.swift; sourceTree = "<group>"; };
		93EC16F92534BCD200392AC9 /* Location.swift */ = {isa = PBXFileReference; lastKnownFileType = sourcecode.swift; path = Location.swift; sourceTree = "<group>"; };
		93EC16FE2534DCA500392AC9 /* README.md */ = {isa = PBXFileReference; fileEncoding = 4; lastKnownFileType = net.daringfireball.markdown; path = README.md; sourceTree = "<group>"; };
		93EC17022534E2F700392AC9 /* screen-main.png */ = {isa = PBXFileReference; lastKnownFileType = image.png; path = "screen-main.png"; sourceTree = "<group>"; };
		93EC17032534E2F700392AC9 /* screen-servers.png */ = {isa = PBXFileReference; lastKnownFileType = image.png; path = "screen-servers.png"; sourceTree = "<group>"; };
		93EE4CB82541EC3D0051DD51 /* IndigoProtocols.swift */ = {isa = PBXFileReference; lastKnownFileType = sourcecode.swift; path = IndigoProtocols.swift; sourceTree = "<group>"; };
		93EE4CC22541FC070051DD51 /* IndigoClientViewModel.swift */ = {isa = PBXFileReference; lastKnownFileType = sourcecode.swift; path = IndigoClientViewModel.swift; sourceTree = "<group>"; };
		93F7D26125503F8C00403D56 /* SignInWithAppleButtonView.swift */ = {isa = PBXFileReference; lastKnownFileType = sourcecode.swift; path = SignInWithAppleButtonView.swift; sourceTree = "<group>"; };
		93F7D2672550B92C00403D56 /* AppDelegate.swift */ = {isa = PBXFileReference; lastKnownFileType = sourcecode.swift; path = AppDelegate.swift; sourceTree = "<group>"; };
/* End PBXFileReference section */

/* Begin PBXFrameworksBuildPhase section */
		931AF6302509B96F00EE6300 /* Frameworks */ = {
			isa = PBXFrameworksBuildPhase;
			buildActionMask = 2147483647;
			files = (
				9309A3CD254F741D00B1562E /* FirebaseDatabase in Frameworks */,
				9364A3C6253546E200489AC0 /* Solar in Frameworks */,
				930C34AF2533AC160014A186 /* URLImage in Frameworks */,
				931D1E0D250C01AF00BFFA6B /* SwiftyJSON in Frameworks */,
				9309A3CB254F741D00B1562E /* FirebaseAuth in Frameworks */,
			);
			runOnlyForDeploymentPostprocessing = 0;
		};
		939BC323253B29800087F325 /* Frameworks */ = {
			isa = PBXFrameworksBuildPhase;
			buildActionMask = 2147483647;
			files = (
			);
			runOnlyForDeploymentPostprocessing = 0;
		};
/* End PBXFrameworksBuildPhase section */

/* Begin PBXGroup section */
		931AF62A2509B96F00EE6300 = {
			isa = PBXGroup;
			children = (
				93EC17012534E2F700392AC9 /* Documentation */,
				93EC16FE2534DCA500392AC9 /* README.md */,
				930C349B25339ED70014A186 /* Andromeda-RGB.png */,
				930C349C25339ED70014A186 /* Andromeda-RGB@2x.png */,
				930C349D25339ED80014A186 /* Andromeda-RGB@3x.png */,
				931AF6352509B96F00EE6300 /* INDIGO to GO */,
				939BC327253B29800087F325 /* INDIGO to GOTests */,
				931AF6342509B96F00EE6300 /* Products */,
			);
			sourceTree = "<group>";
		};
		931AF6342509B96F00EE6300 /* Products */ = {
			isa = PBXGroup;
			children = (
				931AF6332509B96F00EE6300 /* INDIGO to GO.app */,
				939BC326253B29800087F325 /* INDIGO to GOTests.xctest */,
			);
			name = Products;
			sourceTree = "<group>";
		};
		931AF6352509B96F00EE6300 /* INDIGO to GO */ = {
			isa = PBXGroup;
			children = (
				93D4E14425122A160085E1D9 /* INDIGO to GO.entitlements */,
				931AF6362509B96F00EE6300 /* IndigoToGo.swift */,
				93BF080F2513EA320018DEC0 /* Models */,
				93EE4CBC2541FB360051DD51 /* ViewModels */,
				93BF080B2513EA160018DEC0 /* Views */,
				933ACBBA2544A1FB00FD0AC7 /* Mocks */,
				931AF63F2509B97000EE6300 /* Info.plist */,
				93A6047A250D361600E93EA4 /* indigo-response.json */,
				9309A3C6254F735100B1562E /* GoogleService-Info.plist */,
				931E89D5252472B800FCFAB7 /* Assets.xcassets */,
				931AF63C2509B97000EE6300 /* Preview Content */,
			);
			path = "INDIGO to GO";
			sourceTree = "<group>";
		};
		931AF63C2509B97000EE6300 /* Preview Content */ = {
			isa = PBXGroup;
			children = (
				931AF63D2509B97000EE6300 /* Preview Assets.xcassets */,
			);
			path = "Preview Content";
			sourceTree = "<group>";
		};
		933ACBBA2544A1FB00FD0AC7 /* Mocks */ = {
			isa = PBXGroup;
			children = (
				933ACBBB2544A22100FD0AC7 /* MockIndigoClientForPreview.swift */,
			);
			path = Mocks;
			sourceTree = "<group>";
		};
		939BC327253B29800087F325 /* INDIGO to GOTests */ = {
			isa = PBXGroup;
			children = (
				939BC328253B29800087F325 /* INDIGO_to_GOTests.swift */,
				939BC320253B1F8A0087F325 /* LocationFeaturesTests.swift */,
				939BC32A253B29800087F325 /* Info.plist */,
				93793FFC253CC7F500149847 /* INDIGO_Property_Tests.json */,
			);
			path = "INDIGO to GOTests";
			sourceTree = "<group>";
		};
		93BF080B2513EA160018DEC0 /* Views */ = {
			isa = PBXGroup;
			children = (
				930CA116254126AF00CFD5C7 /* MainTabView.swift */,
				931AF6382509B96F00EE6300 /* MonitorView.swift */,
				93BFF7D72524F3C300B733CE /* StatusRowView.swift */,
				930C34B72533DBAE0014A186 /* ImagerProgressView.swift */,
				935431FC253C0D7D008D3F17 /* DaylightView.swift */,
				93EC16F02534903A00392AC9 /* ImagerPreviewView.swift */,
				938FF2C22549F2480057F9BB /* ServerHeaderView.swift */,
				9311AC9125129C2200725CB9 /* SettingsView.swift */,
				93F7D26125503F8C00403D56 /* SignInWithAppleButtonView.swift */,
				933ACBC02544BD9E00FD0AC7 /* ClockView.swift */,
			);
			path = Views;
			sourceTree = "<group>";
		};
		93BF080F2513EA320018DEC0 /* Models */ = {
			isa = PBXGroup;
			children = (
				939F157D250AAB63004A09D7 /* LocalClient.swift */,
				938F010625114B2D00599096 /* IndigoItem.swift */,
				93E4107D2514E5050027A62D /* IndigoConnection.swift */,
				931AF663250A564900EE6300 /* BonjourBrowser.swift */,
				93577355252A526E005670B3 /* BonjourEndpoint.swift */,
				93EC16F92534BCD200392AC9 /* Location.swift */,
				93A9CB2D253BCA34004FF29A /* Daylight.swift */,
				93EE4CB82541EC3D0051DD51 /* IndigoProtocols.swift */,
				9372924625373D36000DF0A6 /* Extensions.swift */,
				93F7D2672550B92C00403D56 /* AppDelegate.swift */,
			);
			path = Models;
			sourceTree = "<group>";
		};
		93EC17012534E2F700392AC9 /* Documentation */ = {
			isa = PBXGroup;
			children = (
				93EC17022534E2F700392AC9 /* screen-main.png */,
				93EC17032534E2F700392AC9 /* screen-servers.png */,
			);
			path = Documentation;
			sourceTree = "<group>";
		};
		93EE4CBC2541FB360051DD51 /* ViewModels */ = {
			isa = PBXGroup;
			children = (
				93EE4CC22541FC070051DD51 /* IndigoClientViewModel.swift */,
				937F8346251A5FF200AAA0A5 /* IndigoSequenceViewModel.swift */,
				93729242253723E5000DF0A6 /* StatusRowViewModel.swift */,
			);
			path = ViewModels;
			sourceTree = "<group>";
		};
/* End PBXGroup section */

/* Begin PBXNativeTarget section */
		931AF6322509B96F00EE6300 /* INDIGO to GO */ = {
			isa = PBXNativeTarget;
			buildConfigurationList = 931AF6582509B97000EE6300 /* Build configuration list for PBXNativeTarget "INDIGO to GO" */;
			buildPhases = (
				931AF62F2509B96F00EE6300 /* Sources */,
				931AF6302509B96F00EE6300 /* Frameworks */,
				931AF6312509B96F00EE6300 /* Resources */,
				933354C8252AAE7B00576F8C /* ShellScript */,
				9364A3C8253546E200489AC0 /* Embed Frameworks */,
			);
			buildRules = (
			);
			dependencies = (
			);
			name = "INDIGO to GO";
			packageProductDependencies = (
				931D1E0C250C01AF00BFFA6B /* SwiftyJSON */,
				930C34AE2533AC160014A186 /* URLImage */,
				9364A3C5253546E200489AC0 /* Solar */,
				9309A3CA254F741D00B1562E /* FirebaseAuth */,
				9309A3CC254F741D00B1562E /* FirebaseDatabase */,
			);
			productName = "INDIGO Status";
			productReference = 931AF6332509B96F00EE6300 /* INDIGO to GO.app */;
			productType = "com.apple.product-type.application";
		};
		939BC325253B29800087F325 /* INDIGO to GOTests */ = {
			isa = PBXNativeTarget;
			buildConfigurationList = 939BC32D253B29800087F325 /* Build configuration list for PBXNativeTarget "INDIGO to GOTests" */;
			buildPhases = (
				939BC322253B29800087F325 /* Sources */,
				939BC323253B29800087F325 /* Frameworks */,
				939BC324253B29800087F325 /* Resources */,
			);
			buildRules = (
			);
			dependencies = (
				939BC32C253B29800087F325 /* PBXTargetDependency */,
			);
			name = "INDIGO to GOTests";
			productName = "INDIGO to GOTests";
			productReference = 939BC326253B29800087F325 /* INDIGO to GOTests.xctest */;
			productType = "com.apple.product-type.bundle.unit-test";
		};
/* End PBXNativeTarget section */

/* Begin PBXProject section */
		931AF62B2509B96F00EE6300 /* Project object */ = {
			isa = PBXProject;
			attributes = {
				LastSwiftUpdateCheck = 1220;
				LastUpgradeCheck = 1200;
				TargetAttributes = {
					931AF6322509B96F00EE6300 = {
						CreatedOnToolsVersion = 12.0;
					};
					939BC325253B29800087F325 = {
						CreatedOnToolsVersion = 12.2;
						TestTargetID = 931AF6322509B96F00EE6300;
					};
				};
			};
			buildConfigurationList = 931AF62E2509B96F00EE6300 /* Build configuration list for PBXProject "INDIGO to GO" */;
			compatibilityVersion = "Xcode 9.3";
			developmentRegion = en;
			hasScannedForEncodings = 0;
			knownRegions = (
				en,
				Base,
			);
			mainGroup = 931AF62A2509B96F00EE6300;
			packageReferences = (
				931D1E0B250C01AF00BFFA6B /* XCRemoteSwiftPackageReference "SwiftyJSON" */,
				930C34AD2533AC160014A186 /* XCRemoteSwiftPackageReference "url-image" */,
				9364A3C4253546E200489AC0 /* XCRemoteSwiftPackageReference "Solar" */,
				9309A3C9254F741D00B1562E /* XCRemoteSwiftPackageReference "firebase-ios-sdk" */,
			);
			productRefGroup = 931AF6342509B96F00EE6300 /* Products */;
			projectDirPath = "";
			projectRoot = "";
			targets = (
				931AF6322509B96F00EE6300 /* INDIGO to GO */,
				939BC325253B29800087F325 /* INDIGO to GOTests */,
			);
		};
/* End PBXProject section */

/* Begin PBXResourcesBuildPhase section */
		931AF6312509B96F00EE6300 /* Resources */ = {
			isa = PBXResourcesBuildPhase;
			buildActionMask = 2147483647;
			files = (
				9315A9DF253E7F6C003A4062 /* INDIGO_Property_Tests.json in Resources */,
				930C34A325339F320014A186 /* Andromeda-RGB.png in Resources */,
				930C34A425339F320014A186 /* Andromeda-RGB@2x.png in Resources */,
				930C34A525339F320014A186 /* Andromeda-RGB@3x.png in Resources */,
				93EC17042534E2F700392AC9 /* screen-main.png in Resources */,
				931AF63E2509B97000EE6300 /* Preview Assets.xcassets in Resources */,
				93EC17052534E2F700392AC9 /* screen-servers.png in Resources */,
				9309A3C7254F735100B1562E /* GoogleService-Info.plist in Resources */,
				93EC16FF2534DCA500392AC9 /* README.md in Resources */,
				931E89D6252472B800FCFAB7 /* Assets.xcassets in Resources */,
			);
			runOnlyForDeploymentPostprocessing = 0;
		};
		939BC324253B29800087F325 /* Resources */ = {
			isa = PBXResourcesBuildPhase;
			buildActionMask = 2147483647;
			files = (
				9315A9DD253E7F4E003A4062 /* INDIGO_Property_Tests.json in Resources */,
			);
			runOnlyForDeploymentPostprocessing = 0;
		};
/* End PBXResourcesBuildPhase section */

/* Begin PBXShellScriptBuildPhase section */
		933354C8252AAE7B00576F8C /* ShellScript */ = {
			isa = PBXShellScriptBuildPhase;
			buildActionMask = 2147483647;
			files = (
			);
			inputFileListPaths = (
			);
			inputPaths = (
			);
			outputFileListPaths = (
			);
			outputPaths = (
			);
			runOnlyForDeploymentPostprocessing = 0;
			shellPath = /bin/sh;
			shellScript = "# https://blog.curtisherbert.com/automated-xcode-build-numbers-early-2019-edition/\ngit=`sh /etc/profile; which git`\nbundleVersion=`\"$git\" rev-list --all |wc -l`\n/usr/libexec/PlistBuddy -c \"Set :CFBundleVersion $bundleVersion\" \"${TARGET_BUILD_DIR}/${INFOPLIST_PATH}\"\n";
		};
/* End PBXShellScriptBuildPhase section */

/* Begin PBXSourcesBuildPhase section */
		931AF62F2509B96F00EE6300 /* Sources */ = {
			isa = PBXSourcesBuildPhase;
			buildActionMask = 2147483647;
			files = (
				93EC16F12534903A00392AC9 /* ImagerPreviewView.swift in Sources */,
				93577356252A526E005670B3 /* BonjourEndpoint.swift in Sources */,
				935431FD253C0D7D008D3F17 /* DaylightView.swift in Sources */,
				933ACBC12544BD9E00FD0AC7 /* ClockView.swift in Sources */,
				937F8347251A5FF200AAA0A5 /* IndigoSequenceViewModel.swift in Sources */,
				93EC16FA2534BCD200392AC9 /* Location.swift in Sources */,
				938FF2C32549F2480057F9BB /* ServerHeaderView.swift in Sources */,
				93BFF7D82524F3C300B733CE /* StatusRowView.swift in Sources */,
				9372924725373D36000DF0A6 /* Extensions.swift in Sources */,
				9311AC9225129C2200725CB9 /* SettingsView.swift in Sources */,
				930C34B82533DBAE0014A186 /* ImagerProgressView.swift in Sources */,
				933ACBBC2544A22100FD0AC7 /* MockIndigoClientForPreview.swift in Sources */,
				939F157E250AAB63004A09D7 /* LocalClient.swift in Sources */,
				93F7D2682550B92C00403D56 /* AppDelegate.swift in Sources */,
				93E4107E2514E5050027A62D /* IndigoConnection.swift in Sources */,
				931AF664250A564900EE6300 /* BonjourBrowser.swift in Sources */,
				931AF6392509B96F00EE6300 /* MonitorView.swift in Sources */,
				938F010725114B2D00599096 /* IndigoItem.swift in Sources */,
				931AF6372509B96F00EE6300 /* IndigoToGo.swift in Sources */,
				93F7D26225503F8C00403D56 /* SignInWithAppleButtonView.swift in Sources */,
				93EE4CC32541FC070051DD51 /* IndigoClientViewModel.swift in Sources */,
				93729243253723E5000DF0A6 /* StatusRowViewModel.swift in Sources */,
				930CA117254126AF00CFD5C7 /* MainTabView.swift in Sources */,
				93A9CB2E253BCA34004FF29A /* Daylight.swift in Sources */,
				93EE4CB92541EC3D0051DD51 /* IndigoProtocols.swift in Sources */,
			);
			runOnlyForDeploymentPostprocessing = 0;
		};
		939BC322253B29800087F325 /* Sources */ = {
			isa = PBXSourcesBuildPhase;
			buildActionMask = 2147483647;
			files = (
				939BC329253B29800087F325 /* INDIGO_to_GOTests.swift in Sources */,
				939BC331253B29950087F325 /* LocationFeaturesTests.swift in Sources */,
			);
			runOnlyForDeploymentPostprocessing = 0;
		};
/* End PBXSourcesBuildPhase section */

/* Begin PBXTargetDependency section */
		939BC32C253B29800087F325 /* PBXTargetDependency */ = {
			isa = PBXTargetDependency;
			target = 931AF6322509B96F00EE6300 /* INDIGO to GO */;
			targetProxy = 939BC32B253B29800087F325 /* PBXContainerItemProxy */;
		};
/* End PBXTargetDependency section */

/* Begin XCBuildConfiguration section */
		931AF6562509B97000EE6300 /* Debug */ = {
			isa = XCBuildConfiguration;
			buildSettings = {
				ALWAYS_SEARCH_USER_PATHS = NO;
				CLANG_ANALYZER_NONNULL = YES;
				CLANG_ANALYZER_NUMBER_OBJECT_CONVERSION = YES_AGGRESSIVE;
				CLANG_CXX_LANGUAGE_STANDARD = "gnu++14";
				CLANG_CXX_LIBRARY = "libc++";
				CLANG_ENABLE_MODULES = YES;
				CLANG_ENABLE_OBJC_ARC = YES;
				CLANG_ENABLE_OBJC_WEAK = YES;
				CLANG_WARN_BLOCK_CAPTURE_AUTORELEASING = YES;
				CLANG_WARN_BOOL_CONVERSION = YES;
				CLANG_WARN_COMMA = YES;
				CLANG_WARN_CONSTANT_CONVERSION = YES;
				CLANG_WARN_DEPRECATED_OBJC_IMPLEMENTATIONS = YES;
				CLANG_WARN_DIRECT_OBJC_ISA_USAGE = YES_ERROR;
				CLANG_WARN_DOCUMENTATION_COMMENTS = YES;
				CLANG_WARN_EMPTY_BODY = YES;
				CLANG_WARN_ENUM_CONVERSION = YES;
				CLANG_WARN_INFINITE_RECURSION = YES;
				CLANG_WARN_INT_CONVERSION = YES;
				CLANG_WARN_NON_LITERAL_NULL_CONVERSION = YES;
				CLANG_WARN_OBJC_IMPLICIT_RETAIN_SELF = YES;
				CLANG_WARN_OBJC_LITERAL_CONVERSION = YES;
				CLANG_WARN_OBJC_ROOT_CLASS = YES_ERROR;
				CLANG_WARN_QUOTED_INCLUDE_IN_FRAMEWORK_HEADER = YES;
				CLANG_WARN_RANGE_LOOP_ANALYSIS = YES;
				CLANG_WARN_STRICT_PROTOTYPES = YES;
				CLANG_WARN_SUSPICIOUS_MOVE = YES;
				CLANG_WARN_UNGUARDED_AVAILABILITY = YES_AGGRESSIVE;
				CLANG_WARN_UNREACHABLE_CODE = YES;
				CLANG_WARN__DUPLICATE_METHOD_MATCH = YES;
				COPY_PHASE_STRIP = NO;
				DEBUG_INFORMATION_FORMAT = dwarf;
				ENABLE_STRICT_OBJC_MSGSEND = YES;
				ENABLE_TESTABILITY = YES;
				ENABLE_TESTING_SEARCH_PATHS = NO;
				GCC_C_LANGUAGE_STANDARD = gnu11;
				GCC_DYNAMIC_NO_PIC = NO;
				GCC_NO_COMMON_BLOCKS = YES;
				GCC_OPTIMIZATION_LEVEL = 0;
				GCC_PREPROCESSOR_DEFINITIONS = (
					"DEBUG=1",
					"$(inherited)",
				);
				GCC_WARN_64_TO_32_BIT_CONVERSION = YES;
				GCC_WARN_ABOUT_RETURN_TYPE = YES_ERROR;
				GCC_WARN_UNDECLARED_SELECTOR = YES;
				GCC_WARN_UNINITIALIZED_AUTOS = YES_AGGRESSIVE;
				GCC_WARN_UNUSED_FUNCTION = YES;
				GCC_WARN_UNUSED_VARIABLE = YES;
				IPHONEOS_DEPLOYMENT_TARGET = 14.0;
				MTL_ENABLE_DEBUG_INFO = INCLUDE_SOURCE;
				MTL_FAST_MATH = YES;
				ONLY_ACTIVE_ARCH = YES;
				SDKROOT = iphoneos;
				SWIFT_ACTIVE_COMPILATION_CONDITIONS = DEBUG;
				SWIFT_OPTIMIZATION_LEVEL = "-Onone";
			};
			name = Debug;
		};
		931AF6572509B97000EE6300 /* Release */ = {
			isa = XCBuildConfiguration;
			buildSettings = {
				ALWAYS_SEARCH_USER_PATHS = NO;
				CLANG_ANALYZER_NONNULL = YES;
				CLANG_ANALYZER_NUMBER_OBJECT_CONVERSION = YES_AGGRESSIVE;
				CLANG_CXX_LANGUAGE_STANDARD = "gnu++14";
				CLANG_CXX_LIBRARY = "libc++";
				CLANG_ENABLE_MODULES = YES;
				CLANG_ENABLE_OBJC_ARC = YES;
				CLANG_ENABLE_OBJC_WEAK = YES;
				CLANG_WARN_BLOCK_CAPTURE_AUTORELEASING = YES;
				CLANG_WARN_BOOL_CONVERSION = YES;
				CLANG_WARN_COMMA = YES;
				CLANG_WARN_CONSTANT_CONVERSION = YES;
				CLANG_WARN_DEPRECATED_OBJC_IMPLEMENTATIONS = YES;
				CLANG_WARN_DIRECT_OBJC_ISA_USAGE = YES_ERROR;
				CLANG_WARN_DOCUMENTATION_COMMENTS = YES;
				CLANG_WARN_EMPTY_BODY = YES;
				CLANG_WARN_ENUM_CONVERSION = YES;
				CLANG_WARN_INFINITE_RECURSION = YES;
				CLANG_WARN_INT_CONVERSION = YES;
				CLANG_WARN_NON_LITERAL_NULL_CONVERSION = YES;
				CLANG_WARN_OBJC_IMPLICIT_RETAIN_SELF = YES;
				CLANG_WARN_OBJC_LITERAL_CONVERSION = YES;
				CLANG_WARN_OBJC_ROOT_CLASS = YES_ERROR;
				CLANG_WARN_QUOTED_INCLUDE_IN_FRAMEWORK_HEADER = YES;
				CLANG_WARN_RANGE_LOOP_ANALYSIS = YES;
				CLANG_WARN_STRICT_PROTOTYPES = YES;
				CLANG_WARN_SUSPICIOUS_MOVE = YES;
				CLANG_WARN_UNGUARDED_AVAILABILITY = YES_AGGRESSIVE;
				CLANG_WARN_UNREACHABLE_CODE = YES;
				CLANG_WARN__DUPLICATE_METHOD_MATCH = YES;
				COPY_PHASE_STRIP = NO;
				DEBUG_INFORMATION_FORMAT = "dwarf-with-dsym";
				ENABLE_NS_ASSERTIONS = NO;
				ENABLE_STRICT_OBJC_MSGSEND = YES;
				GCC_C_LANGUAGE_STANDARD = gnu11;
				GCC_NO_COMMON_BLOCKS = YES;
				GCC_WARN_64_TO_32_BIT_CONVERSION = YES;
				GCC_WARN_ABOUT_RETURN_TYPE = YES_ERROR;
				GCC_WARN_UNDECLARED_SELECTOR = YES;
				GCC_WARN_UNINITIALIZED_AUTOS = YES_AGGRESSIVE;
				GCC_WARN_UNUSED_FUNCTION = YES;
				GCC_WARN_UNUSED_VARIABLE = YES;
				IPHONEOS_DEPLOYMENT_TARGET = 14.0;
				MTL_ENABLE_DEBUG_INFO = NO;
				MTL_FAST_MATH = YES;
				SDKROOT = iphoneos;
				SWIFT_COMPILATION_MODE = wholemodule;
				SWIFT_OPTIMIZATION_LEVEL = "-O";
				VALIDATE_PRODUCT = YES;
			};
			name = Release;
		};
		931AF6592509B97000EE6300 /* Debug */ = {
			isa = XCBuildConfiguration;
			buildSettings = {
				ASSETCATALOG_COMPILER_APPICON_NAME = AppIcon;
				ASSETCATALOG_COMPILER_GLOBAL_ACCENT_COLOR_NAME = AccentColor;
				CODE_SIGN_ENTITLEMENTS = "INDIGO To Go/INDIGO To Go.entitlements";
				CODE_SIGN_STYLE = Automatic;
				CURRENT_PROJECT_VERSION = 5;
				DEVELOPMENT_ASSET_PATHS = "\"INDIGO To Go/Preview Content\"";
				DEVELOPMENT_TEAM = QLSSS38HN8;
				"ENABLE_HARDENED_RUNTIME[sdk=macosx*]" = YES;
				ENABLE_PREVIEWS = YES;
				INFOPLIST_FILE = "INDIGO To Go/Info.plist";
				IPHONEOS_DEPLOYMENT_TARGET = 14.0;
				LD_RUNPATH_SEARCH_PATHS = (
					"$(inherited)",
					"@executable_path/Frameworks",
				);
				MARKETING_VERSION = 1.1;
				PRODUCT_BUNDLE_IDENTIFIER = com.iosian.indigotogo;
				PRODUCT_NAME = "$(TARGET_NAME)";
				SUPPORTS_MACCATALYST = YES;
				SUPPORTS_MAC_DESIGNED_FOR_IPHONE_IPAD = NO;
				SWIFT_VERSION = 5.0;
				TARGETED_DEVICE_FAMILY = "1,2";
			};
			name = Debug;
		};
		931AF65A2509B97000EE6300 /* Release */ = {
			isa = XCBuildConfiguration;
			buildSettings = {
				ASSETCATALOG_COMPILER_APPICON_NAME = AppIcon;
				ASSETCATALOG_COMPILER_GLOBAL_ACCENT_COLOR_NAME = AccentColor;
				CODE_SIGN_ENTITLEMENTS = "INDIGO To Go/INDIGO To Go.entitlements";
				CODE_SIGN_STYLE = Automatic;
				CURRENT_PROJECT_VERSION = 5;
				DEVELOPMENT_ASSET_PATHS = "\"INDIGO To Go/Preview Content\"";
				DEVELOPMENT_TEAM = QLSSS38HN8;
				"ENABLE_HARDENED_RUNTIME[sdk=macosx*]" = YES;
				ENABLE_PREVIEWS = YES;
				INFOPLIST_FILE = "INDIGO To Go/Info.plist";
				IPHONEOS_DEPLOYMENT_TARGET = 14.0;
				LD_RUNPATH_SEARCH_PATHS = (
					"$(inherited)",
					"@executable_path/Frameworks",
				);
				MARKETING_VERSION = 1.1;
				PRODUCT_BUNDLE_IDENTIFIER = com.iosian.indigotogo;
				PRODUCT_NAME = "$(TARGET_NAME)";
				SUPPORTS_MACCATALYST = YES;
				SUPPORTS_MAC_DESIGNED_FOR_IPHONE_IPAD = NO;
				SWIFT_VERSION = 5.0;
				TARGETED_DEVICE_FAMILY = "1,2";
			};
			name = Release;
		};
		939BC32E253B29800087F325 /* Debug */ = {
			isa = XCBuildConfiguration;
			buildSettings = {
				BUNDLE_LOADER = "$(TEST_HOST)";
				CODE_SIGN_STYLE = Automatic;
				DEVELOPMENT_TEAM = QLSSS38HN8;
				ENABLE_TESTING_SEARCH_PATHS = YES;
				INFOPLIST_FILE = "INDIGO to GOTests/Info.plist";
				IPHONEOS_DEPLOYMENT_TARGET = 14.0;
				LD_RUNPATH_SEARCH_PATHS = (
					"$(inherited)",
					"@executable_path/Frameworks",
					"@loader_path/Frameworks",
				);
				PRODUCT_BUNDLE_IDENTIFIER = "com.iosian.INDIGO-to-GOTests";
				PRODUCT_NAME = "$(TARGET_NAME)";
				SWIFT_VERSION = 5.0;
				TARGETED_DEVICE_FAMILY = "1,2";
				TEST_HOST = "$(BUILT_PRODUCTS_DIR)/INDIGO to GO.app/INDIGO to GO";
			};
			name = Debug;
		};
		939BC32F253B29800087F325 /* Release */ = {
			isa = XCBuildConfiguration;
			buildSettings = {
				BUNDLE_LOADER = "$(TEST_HOST)";
				CODE_SIGN_STYLE = Automatic;
				DEVELOPMENT_TEAM = QLSSS38HN8;
				INFOPLIST_FILE = "INDIGO to GOTests/Info.plist";
				IPHONEOS_DEPLOYMENT_TARGET = 14.0;
				LD_RUNPATH_SEARCH_PATHS = (
					"$(inherited)",
					"@executable_path/Frameworks",
					"@loader_path/Frameworks",
				);
				PRODUCT_BUNDLE_IDENTIFIER = "com.iosian.INDIGO-to-GOTests";
				PRODUCT_NAME = "$(TARGET_NAME)";
				SWIFT_VERSION = 5.0;
				TARGETED_DEVICE_FAMILY = "1,2";
				TEST_HOST = "$(BUILT_PRODUCTS_DIR)/INDIGO to GO.app/INDIGO to GO";
			};
			name = Release;
		};
/* End XCBuildConfiguration section */

/* Begin XCConfigurationList section */
		931AF62E2509B96F00EE6300 /* Build configuration list for PBXProject "INDIGO to GO" */ = {
			isa = XCConfigurationList;
			buildConfigurations = (
				931AF6562509B97000EE6300 /* Debug */,
				931AF6572509B97000EE6300 /* Release */,
			);
			defaultConfigurationIsVisible = 0;
			defaultConfigurationName = Release;
		};
		931AF6582509B97000EE6300 /* Build configuration list for PBXNativeTarget "INDIGO to GO" */ = {
			isa = XCConfigurationList;
			buildConfigurations = (
				931AF6592509B97000EE6300 /* Debug */,
				931AF65A2509B97000EE6300 /* Release */,
			);
			defaultConfigurationIsVisible = 0;
			defaultConfigurationName = Release;
		};
		939BC32D253B29800087F325 /* Build configuration list for PBXNativeTarget "INDIGO to GOTests" */ = {
			isa = XCConfigurationList;
			buildConfigurations = (
				939BC32E253B29800087F325 /* Debug */,
				939BC32F253B29800087F325 /* Release */,
			);
			defaultConfigurationIsVisible = 0;
			defaultConfigurationName = Release;
		};
/* End XCConfigurationList section */

/* Begin XCRemoteSwiftPackageReference section */
		9309A3C9254F741D00B1562E /* XCRemoteSwiftPackageReference "firebase-ios-sdk" */ = {
			isa = XCRemoteSwiftPackageReference;
			repositoryURL = "https://github.com/firebase/firebase-ios-sdk.git";
			requirement = {
				kind = upToNextMajorVersion;
				minimumVersion = 7.0.0;
			};
		};
		930C34AD2533AC160014A186 /* XCRemoteSwiftPackageReference "url-image" */ = {
			isa = XCRemoteSwiftPackageReference;
			repositoryURL = "https://github.com/dmytro-anokhin/url-image.git";
			requirement = {
				kind = upToNextMajorVersion;
				minimumVersion = 2.0.0;
			};
		};
		931D1E0B250C01AF00BFFA6B /* XCRemoteSwiftPackageReference "SwiftyJSON" */ = {
			isa = XCRemoteSwiftPackageReference;
			repositoryURL = "https://github.com/SwiftyJSON/SwiftyJSON.git";
			requirement = {
				kind = upToNextMajorVersion;
				minimumVersion = 5.0.0;
			};
		};
		9364A3C4253546E200489AC0 /* XCRemoteSwiftPackageReference "Solar" */ = {
			isa = XCRemoteSwiftPackageReference;
			repositoryURL = "https://github.com/aaronfreimark/Solar";
			requirement = {
				branch = master;
				kind = branch;
			};
		};
/* End XCRemoteSwiftPackageReference section */

/* Begin XCSwiftPackageProductDependency section */
		9309A3CA254F741D00B1562E /* FirebaseAuth */ = {
			isa = XCSwiftPackageProductDependency;
			package = 9309A3C9254F741D00B1562E /* XCRemoteSwiftPackageReference "firebase-ios-sdk" */;
			productName = FirebaseAuth;
		};
		9309A3CC254F741D00B1562E /* FirebaseDatabase */ = {
			isa = XCSwiftPackageProductDependency;
			package = 9309A3C9254F741D00B1562E /* XCRemoteSwiftPackageReference "firebase-ios-sdk" */;
			productName = FirebaseDatabase;
		};
		930C34AE2533AC160014A186 /* URLImage */ = {
			isa = XCSwiftPackageProductDependency;
			package = 930C34AD2533AC160014A186 /* XCRemoteSwiftPackageReference "url-image" */;
			productName = URLImage;
		};
		931D1E0C250C01AF00BFFA6B /* SwiftyJSON */ = {
			isa = XCSwiftPackageProductDependency;
			package = 931D1E0B250C01AF00BFFA6B /* XCRemoteSwiftPackageReference "SwiftyJSON" */;
			productName = SwiftyJSON;
		};
		9364A3C5253546E200489AC0 /* Solar */ = {
			isa = XCSwiftPackageProductDependency;
			package = 9364A3C4253546E200489AC0 /* XCRemoteSwiftPackageReference "Solar" */;
			productName = Solar;
		};
/* End XCSwiftPackageProductDependency section */
	};
	rootObject = 931AF62B2509B96F00EE6300 /* Project object */;
}
