{
  "object": {
    "pins": [
      {
        "package": "Solar",
        "repositoryURL": "https://github.com/aaronfreimark/Solar",
        "state": {
          "branch": "master",
          "revision": "679aa104f445367c0cbdbbc2389f155de836e76f",
          "version": null
        }
      },
      {
        "package": "SwiftyJSON",
        "repositoryURL": "https://github.com/SwiftyJSON/SwiftyJSON.git",
        "state": {
          "branch": null,
          "revision": "2b6054efa051565954e1d2b9da831680026cd768",
          "version": "5.0.0"
        }
      },
      {
        "package": "URLImage",
        "repositoryURL": "https://github.com/dmytro-anokhin/url-image.git",
        "state": {
          "branch": null,
          "revision": "ca1792a46bd2d7d28728c7465ff90da07a8ed1c7",
          "version": "2.1.1"
        }
      }
    ]
  },
  "version": 1
}
