{
  "object": {
    "pins": [
      {
        "package": "Solar",
        "repositoryURL": "https://github.com/aaronfreimark/Solar",
        "state": {
          "branch": "master",
          "revision": "679aa104f445367c0cbdbbc2389f155de836e76f",
          "version": null
        }
      },
      {
        "package": "SwiftyJSON",
        "repositoryURL": "https://github.com/SwiftyJSON/SwiftyJSON.git",
        "state": {
          "branch": null,
          "revision": "2b6054efa051565954e1d2b9da831680026cd768",
          "version": "5.0.0"
        }
      },
      {
        "package": "URLImage",
        "repositoryURL": "https://github.com/dmytro-anokhin/url-image.git",
        "state": {
          "branch": null,
          "revision": "22eca5ee4f317e0283da75426849ee23f0516022",
          "version": "0.9.19"
        }
      }
    ]
  },
  "version": 1
}
